# This file is automatically @generated by Cargo.
# It is not intended for manual editing.
[[package]]
name = "emulator"
version = "0.1.0"
dependencies = [
 "lr35902 0.1.0",
 "memory_bus 0.1.0",
]

[[package]]
name = "lr35902"
version = "0.1.0"
dependencies = [
 "memory_bus 0.1.0",
]

[[package]]
name = "memory_bus"
version = "0.1.0"
